
Microsoft Visual Studio Solution File, Format Version 12.00
# Visual Studio Version 16
VisualStudioVersion = 16.0.29926.136
MinimumVisualStudioVersion = 10.0.40219.1
Project("{FAE04EC0-301F-11D3-BF4B-00C04F79EFBC}") = "XamarinCRUDOperations.Android", "XamarinCRUDOperations\XamarinCRUDOperations.Android\XamarinCRUDOperations.Android.csproj", "{33072A2F-B3A8-4D97-9507-D9195E1CB095}"
EndProject
Project("{FAE04EC0-301F-11D3-BF4B-00C04F79EFBC}") = "XamarinCRUDOperations.iOS", "XamarinCRUDOperations\XamarinCRUDOperations.iOS\XamarinCRUDOperations.iOS.csproj", "{57D63D89-E69C-4149-870E-633DFF133BF4}"
EndProject
Project("{FAE04EC0-301F-11D3-BF4B-00C04F79EFBC}") = "XamarinCRUDOperations", "XamarinCRUDOperations\XamarinCRUDOperations\XamarinCRUDOperations.csproj", "{306BA55D-719C-45DB-80CF-DCE1CBAC68AE}"
EndProject
Global
	GlobalSection(SolutionConfigurationPlatforms) = preSolution
		Debug|Any CPU = Debug|Any CPU
		Debug|iPhone = Debug|iPhone
		Debug|iPhoneSimulator = Debug|iPhoneSimulator
		Release|Any CPU = Release|Any CPU
		Release|iPhone = Release|iPhone
		Release|iPhoneSimulator = Release|iPhoneSimulator
	EndGlobalSection
	GlobalSection(ProjectConfigurationPlatforms) = postSolution
		{33072A2F-B3A8-4D97-9507-D9195E1CB095}.Debug|Any CPU.ActiveCfg = Debug|Any CPU
		{33072A2F-B3A8-4D97-9507-D9195E1CB095}.Debug|Any CPU.Build.0 = Debug|Any CPU
		{33072A2F-B3A8-4D97-9507-D9195E1CB095}.Debug|Any CPU.Deploy.0 = Debug|Any CPU
		{33072A2F-B3A8-4D97-9507-D9195E1CB095}.Debug|iPhone.ActiveCfg = Debug|Any CPU
		{33072A2F-B3A8-4D97-9507-D9195E1CB095}.Debug|iPhone.Build.0 = Debug|Any CPU
		{33072A2F-B3A8-4D97-9507-D9195E1CB095}.Debug|iPhone.Deploy.0 = Debug|Any CPU
		{33072A2F-B3A8-4D97-9507-D9195E1CB095}.Debug|iPhoneSimulator.ActiveCfg = Debug|Any CPU
		{33072A2F-B3A8-4D97-9507-D9195E1CB095}.Debug|iPhoneSimulator.Build.0 = Debug|Any CPU
		{33072A2F-B3A8-4D97-9507-D9195E1CB095}.Debug|iPhoneSimulator.Deploy.0 = Debug|Any CPU
		{33072A2F-B3A8-4D97-9507-D9195E1CB095}.Release|Any CPU.ActiveCfg = Release|Any CPU
		{33072A2F-B3A8-4D97-9507-D9195E1CB095}.Release|Any CPU.Build.0 = Release|Any CPU
		{33072A2F-B3A8-4D97-9507-D9195E1CB095}.Release|Any CPU.Deploy.0 = Release|Any CPU
		{33072A2F-B3A8-4D97-9507-D9195E1CB095}.Release|iPhone.ActiveCfg = Release|Any CPU
		{33072A2F-B3A8-4D97-9507-D9195E1CB095}.Release|iPhone.Build.0 = Release|Any CPU
		{33072A2F-B3A8-4D97-9507-D9195E1CB095}.Release|iPhone.Deploy.0 = Release|Any CPU
		{33072A2F-B3A8-4D97-9507-D9195E1CB095}.Release|iPhoneSimulator.ActiveCfg = Release|Any CPU
		{33072A2F-B3A8-4D97-9507-D9195E1CB095}.Release|iPhoneSimulator.Build.0 = Release|Any CPU
		{33072A2F-B3A8-4D97-9507-D9195E1CB095}.Release|iPhoneSimulator.Deploy.0 = Release|Any CPU
		{57D63D89-E69C-4149-870E-633DFF133BF4}.Debug|Any CPU.ActiveCfg = Debug|iPhone
		{57D63D89-E69C-4149-870E-633DFF133BF4}.Debug|Any CPU.Build.0 = Debug|iPhone
		{57D63D89-E69C-4149-870E-633DFF133BF4}.Debug|Any CPU.Deploy.0 = Debug|iPhone
		{57D63D89-E69C-4149-870E-633DFF133BF4}.Debug|iPhone.ActiveCfg = Debug|iPhone
		{57D63D89-E69C-4149-870E-633DFF133BF4}.Debug|iPhone.Build.0 = Debug|iPhone
		{57D63D89-E69C-4149-870E-633DFF133BF4}.Debug|iPhone.Deploy.0 = Debug|iPhone
		{57D63D89-E69C-4149-870E-633DFF133BF4}.Debug|iPhoneSimulator.ActiveCfg = Debug|iPhoneSimulator
		{57D63D89-E69C-4149-870E-633DFF133BF4}.Debug|iPhoneSimulator.Build.0 = Debug|iPhoneSimulator
		{57D63D89-E69C-4149-870E-633DFF133BF4}.Debug|iPhoneSimulator.Deploy.0 = Debug|iPhoneSimulator
		{57D63D89-E69C-4149-870E-633DFF133BF4}.Release|Any CPU.ActiveCfg = Release|iPhone
		{57D63D89-E69C-4149-870E-633DFF133BF4}.Release|Any CPU.Build.0 = Release|iPhone
		{57D63D89-E69C-4149-870E-633DFF133BF4}.Release|Any CPU.Deploy.0 = Release|iPhone
		{57D63D89-E69C-4149-870E-633DFF133BF4}.Release|iPhone.ActiveCfg = Release|iPhone
		{57D63D89-E69C-4149-870E-633DFF133BF4}.Release|iPhone.Build.0 = Release|iPhone
		{57D63D89-E69C-4149-870E-633DFF133BF4}.Release|iPhone.Deploy.0 = Release|iPhone
		{57D63D89-E69C-4149-870E-633DFF133BF4}.Release|iPhoneSimulator.ActiveCfg = Release|iPhoneSimulator
		{57D63D89-E69C-4149-870E-633DFF133BF4}.Release|iPhoneSimulator.Build.0 = Release|iPhoneSimulator
		{57D63D89-E69C-4149-870E-633DFF133BF4}.Release|iPhoneSimulator.Deploy.0 = Release|iPhoneSimulator
		{306BA55D-719C-45DB-80CF-DCE1CBAC68AE}.Debug|Any CPU.ActiveCfg = Debug|Any CPU
		{306BA55D-719C-45DB-80CF-DCE1CBAC68AE}.Debug|Any CPU.Build.0 = Debug|Any CPU
		{306BA55D-719C-45DB-80CF-DCE1CBAC68AE}.Debug|Any CPU.Deploy.0 = Debug|Any CPU
		{306BA55D-719C-45DB-80CF-DCE1CBAC68AE}.Debug|iPhone.ActiveCfg = Debug|Any CPU
		{306BA55D-719C-45DB-80CF-DCE1CBAC68AE}.Debug|iPhone.Build.0 = Debug|Any CPU
		{306BA55D-719C-45DB-80CF-DCE1CBAC68AE}.Debug|iPhone.Deploy.0 = Debug|Any CPU
		{306BA55D-719C-45DB-80CF-DCE1CBAC68AE}.Debug|iPhoneSimulator.ActiveCfg = Debug|Any CPU
		{306BA55D-719C-45DB-80CF-DCE1CBAC68AE}.Debug|iPhoneSimulator.Build.0 = Debug|Any CPU
		{306BA55D-719C-45DB-80CF-DCE1CBAC68AE}.Debug|iPhoneSimulator.Deploy.0 = Debug|Any CPU
		{306BA55D-719C-45DB-80CF-DCE1CBAC68AE}.Release|Any CPU.ActiveCfg = Release|Any CPU
		{306BA55D-719C-45DB-80CF-DCE1CBAC68AE}.Release|Any CPU.Build.0 = Release|Any CPU
		{306BA55D-719C-45DB-80CF-DCE1CBAC68AE}.Release|Any CPU.Deploy.0 = Release|Any CPU
		{306BA55D-719C-45DB-80CF-DCE1CBAC68AE}.Release|iPhone.ActiveCfg = Release|Any CPU
		{306BA55D-719C-45DB-80CF-DCE1CBAC68AE}.Release|iPhone.Build.0 = Release|Any CPU
		{306BA55D-719C-45DB-80CF-DCE1CBAC68AE}.Release|iPhone.Deploy.0 = Release|Any CPU
		{306BA55D-719C-45DB-80CF-DCE1CBAC68AE}.Release|iPhoneSimulator.ActiveCfg = Release|Any CPU
		{306BA55D-719C-45DB-80CF-DCE1CBAC68AE}.Release|iPhoneSimulator.Build.0 = Release|Any CPU
		{306BA55D-719C-45DB-80CF-DCE1CBAC68AE}.Release|iPhoneSimulator.Deploy.0 = Release|Any CPU
	EndGlobalSection
	GlobalSection(SolutionProperties) = preSolution
		HideSolutionNode = FALSE
	EndGlobalSection
	GlobalSection(ExtensibilityGlobals) = postSolution
		SolutionGuid = {C4BD10FB-DDB5-4196-BCB9-DB4951CAEFD8}
	EndGlobalSection
EndGlobal
